// !$*UTF8*$!
{
	archiveVersion = 1;
	classes = {
	};
	objectVersion = 50;
	objects = {

/* Begin PBXBuildFile section */
		AF7A8941242BC18900DF187C /* AppDelegate.swift in Sources */ = {isa = PBXBuildFile; fileRef = AF7A8940242BC18900DF187C /* AppDelegate.swift */; };
		AF7A8943242BC18900DF187C /* SceneDelegate.swift in Sources */ = {isa = PBXBuildFile; fileRef = AF7A8942242BC18900DF187C /* SceneDelegate.swift */; };
		AF7A8947242BC18900DF187C /* Assets.xcassets in Resources */ = {isa = PBXBuildFile; fileRef = AF7A8946242BC18900DF187C /* Assets.xcassets */; };
		AF7A894A242BC18900DF187C /* Preview Assets.xcassets in Resources */ = {isa = PBXBuildFile; fileRef = AF7A8949242BC18900DF187C /* Preview Assets.xcassets */; };
		AF7A894D242BC18900DF187C /* LaunchScreen.storyboard in Resources */ = {isa = PBXBuildFile; fileRef = AF7A894B242BC18900DF187C /* LaunchScreen.storyboard */; };
		AF7A8958242BC18A00DF187C /* marvelTests.swift in Sources */ = {isa = PBXBuildFile; fileRef = AF7A8957242BC18A00DF187C /* marvelTests.swift */; };
		AF7A8963242BC18A00DF187C /* marvelUITests.swift in Sources */ = {isa = PBXBuildFile; fileRef = AF7A8962242BC18A00DF187C /* marvelUITests.swift */; };
		AF7A8972242BC22B00DF187C /* RootView.swift in Sources */ = {isa = PBXBuildFile; fileRef = AF7A8971242BC22B00DF187C /* RootView.swift */; };
		AF7A8974242BC23D00DF187C /* ComicDetailView.swift in Sources */ = {isa = PBXBuildFile; fileRef = AF7A8973242BC23D00DF187C /* ComicDetailView.swift */; };
		AF7A8977242BC27100DF187C /* ComicUserBackgroundButton.swift in Sources */ = {isa = PBXBuildFile; fileRef = AF7A8976242BC27100DF187C /* ComicUserBackgroundButton.swift */; };
		AF7A897A242BC2D500DF187C /* ComicUserBackgroundTask.swift in Sources */ = {isa = PBXBuildFile; fileRef = AF7A8979242BC2D500DF187C /* ComicUserBackgroundTask.swift */; };
		AF7A897C242BC32D00DF187C /* SampleData.swift in Sources */ = {isa = PBXBuildFile; fileRef = AF7A897B242BC32D00DF187C /* SampleData.swift */; };
		AF7A897F242BC53500DF187C /* Constants.swift in Sources */ = {isa = PBXBuildFile; fileRef = AF7A897E242BC53500DF187C /* Constants.swift */; };
		AF7A8982242BC6D200DF187C /* ComicUserBackgroundTaskListView.swift in Sources */ = {isa = PBXBuildFile; fileRef = AF7A8981242BC6D200DF187C /* ComicUserBackgroundTaskListView.swift */; };
		AF7A8984242BC76300DF187C /* App.swift in Sources */ = {isa = PBXBuildFile; fileRef = AF7A8983242BC76300DF187C /* App.swift */; };
/* End PBXBuildFile section */

/* Begin PBXContainerItemProxy section */
		AF7A8954242BC18A00DF187C /* PBXContainerItemProxy */ = {
			isa = PBXContainerItemProxy;
			containerPortal = AF7A8935242BC18800DF187C /* Project object */;
			proxyType = 1;
			remoteGlobalIDString = AF7A893C242BC18900DF187C;
			remoteInfo = marvel;
		};
		AF7A895F242BC18A00DF187C /* PBXContainerItemProxy */ = {
			isa = PBXContainerItemProxy;
			containerPortal = AF7A8935242BC18800DF187C /* Project object */;
			proxyType = 1;
			remoteGlobalIDString = AF7A893C242BC18900DF187C;
			remoteInfo = marvel;
		};
/* End PBXContainerItemProxy section */

/* Begin PBXFileReference section */
		AF7A893D242BC18900DF187C /* marvel.app */ = {isa = PBXFileReference; explicitFileType = wrapper.application; includeInIndex = 0; path = marvel.app; sourceTree = BUILT_PRODUCTS_DIR; };
		AF7A8940242BC18900DF187C /* AppDelegate.swift */ = {isa = PBXFileReference; lastKnownFileType = sourcecode.swift; path = AppDelegate.swift; sourceTree = "<group>"; };
		AF7A8942242BC18900DF187C /* SceneDelegate.swift */ = {isa = PBXFileReference; lastKnownFileType = sourcecode.swift; path = SceneDelegate.swift; sourceTree = "<group>"; };
		AF7A8946242BC18900DF187C /* Assets.xcassets */ = {isa = PBXFileReference; lastKnownFileType = folder.assetcatalog; path = Assets.xcassets; sourceTree = "<group>"; };
		AF7A8949242BC18900DF187C /* Preview Assets.xcassets */ = {isa = PBXFileReference; lastKnownFileType = folder.assetcatalog; path = "Preview Assets.xcassets"; sourceTree = "<group>"; };
		AF7A894C242BC18900DF187C /* Base */ = {isa = PBXFileReference; lastKnownFileType = file.storyboard; name = Base; path = Base.lproj/LaunchScreen.storyboard; sourceTree = "<group>"; };
		AF7A894E242BC18900DF187C /* Info.plist */ = {isa = PBXFileReference; lastKnownFileType = text.plist.xml; path = Info.plist; sourceTree = "<group>"; };
		AF7A8953242BC18A00DF187C /* marvelTests.xctest */ = {isa = PBXFileReference; explicitFileType = wrapper.cfbundle; includeInIndex = 0; path = marvelTests.xctest; sourceTree = BUILT_PRODUCTS_DIR; };
		AF7A8957242BC18A00DF187C /* marvelTests.swift */ = {isa = PBXFileReference; lastKnownFileType = sourcecode.swift; path = marvelTests.swift; sourceTree = "<group>"; };
		AF7A8959242BC18A00DF187C /* Info.plist */ = {isa = PBXFileReference; lastKnownFileType = text.plist.xml; path = Info.plist; sourceTree = "<group>"; };
		AF7A895E242BC18A00DF187C /* marvelUITests.xctest */ = {isa = PBXFileReference; explicitFileType = wrapper.cfbundle; includeInIndex = 0; path = marvelUITests.xctest; sourceTree = BUILT_PRODUCTS_DIR; };
		AF7A8962242BC18A00DF187C /* marvelUITests.swift */ = {isa = PBXFileReference; lastKnownFileType = sourcecode.swift; path = marvelUITests.swift; sourceTree = "<group>"; };
		AF7A8964242BC18A00DF187C /* Info.plist */ = {isa = PBXFileReference; lastKnownFileType = text.plist.xml; path = Info.plist; sourceTree = "<group>"; };
		AF7A8971242BC22B00DF187C /* RootView.swift */ = {isa = PBXFileReference; lastKnownFileType = sourcecode.swift; path = RootView.swift; sourceTree = "<group>"; };
		AF7A8973242BC23D00DF187C /* ComicDetailView.swift */ = {isa = PBXFileReference; lastKnownFileType = sourcecode.swift; path = ComicDetailView.swift; sourceTree = "<group>"; };
		AF7A8976242BC27100DF187C /* ComicUserBackgroundButton.swift */ = {isa = PBXFileReference; lastKnownFileType = sourcecode.swift; path = ComicUserBackgroundButton.swift; sourceTree = "<group>"; };
		AF7A8979242BC2D500DF187C /* ComicUserBackgroundTask.swift */ = {isa = PBXFileReference; lastKnownFileType = sourcecode.swift; path = ComicUserBackgroundTask.swift; sourceTree = "<group>"; };
		AF7A897B242BC32D00DF187C /* SampleData.swift */ = {isa = PBXFileReference; lastKnownFileType = sourcecode.swift; path = SampleData.swift; sourceTree = "<group>"; };
		AF7A897E242BC53500DF187C /* Constants.swift */ = {isa = PBXFileReference; lastKnownFileType = sourcecode.swift; path = Constants.swift; sourceTree = "<group>"; };
		AF7A8981242BC6D200DF187C /* ComicUserBackgroundTaskListView.swift */ = {isa = PBXFileReference; lastKnownFileType = sourcecode.swift; path = ComicUserBackgroundTaskListView.swift; sourceTree = "<group>"; };
		AF7A8983242BC76300DF187C /* App.swift */ = {isa = PBXFileReference; lastKnownFileType = sourcecode.swift; path = App.swift; sourceTree = "<group>"; };
/* End PBXFileReference section */

/* Begin PBXFrameworksBuildPhase section */
		AF7A893A242BC18900DF187C /* Frameworks */ = {
			isa = PBXFrameworksBuildPhase;
			buildActionMask = 2147483647;
			files = (
			);
			runOnlyForDeploymentPostprocessing = 0;
		};
		AF7A8950242BC18A00DF187C /* Frameworks */ = {
			isa = PBXFrameworksBuildPhase;
			buildActionMask = 2147483647;
			files = (
			);
			runOnlyForDeploymentPostprocessing = 0;
		};
		AF7A895B242BC18A00DF187C /* Frameworks */ = {
			isa = PBXFrameworksBuildPhase;
			buildActionMask = 2147483647;
			files = (
			);
			runOnlyForDeploymentPostprocessing = 0;
		};
/* End PBXFrameworksBuildPhase section */

/* Begin PBXGroup section */
		AF7A8934242BC18800DF187C = {
			isa = PBXGroup;
			children = (
				AF7A893F242BC18900DF187C /* marvel */,
				AF7A8956242BC18A00DF187C /* marvelTests */,
				AF7A8961242BC18A00DF187C /* marvelUITests */,
				AF7A893E242BC18900DF187C /* Products */,
			);
			sourceTree = "<group>";
		};
		AF7A893E242BC18900DF187C /* Products */ = {
			isa = PBXGroup;
			children = (
				AF7A893D242BC18900DF187C /* marvel.app */,
				AF7A8953242BC18A00DF187C /* marvelTests.xctest */,
				AF7A895E242BC18A00DF187C /* marvelUITests.xctest */,
			);
			name = Products;
			sourceTree = "<group>";
		};
		AF7A893F242BC18900DF187C /* marvel */ = {
			isa = PBXGroup;
			children = (
				AF7A897D242BC52700DF187C /* Utilities */,
				AF7A8978242BC2C900DF187C /* Models */,
				AF7A8975242BC24A00DF187C /* Supporting Views */,
				AF7A8970242BC1EF00DF187C /* Views */,
				AF7A8940242BC18900DF187C /* AppDelegate.swift */,
				AF7A8942242BC18900DF187C /* SceneDelegate.swift */,
				AF7A8946242BC18900DF187C /* Assets.xcassets */,
				AF7A894B242BC18900DF187C /* LaunchScreen.storyboard */,
				AF7A894E242BC18900DF187C /* Info.plist */,
				AF7A8948242BC18900DF187C /* Preview Content */,
			);
			path = marvel;
			sourceTree = "<group>";
		};
		AF7A8948242BC18900DF187C /* Preview Content */ = {
			isa = PBXGroup;
			children = (
				AF7A8949242BC18900DF187C /* Preview Assets.xcassets */,
			);
			path = "Preview Content";
			sourceTree = "<group>";
		};
		AF7A8956242BC18A00DF187C /* marvelTests */ = {
			isa = PBXGroup;
			children = (
				AF7A8957242BC18A00DF187C /* marvelTests.swift */,
				AF7A8959242BC18A00DF187C /* Info.plist */,
			);
			path = marvelTests;
			sourceTree = "<group>";
		};
		AF7A8961242BC18A00DF187C /* marvelUITests */ = {
			isa = PBXGroup;
			children = (
				AF7A8962242BC18A00DF187C /* marvelUITests.swift */,
				AF7A8964242BC18A00DF187C /* Info.plist */,
			);
			path = marvelUITests;
			sourceTree = "<group>";
		};
		AF7A8970242BC1EF00DF187C /* Views */ = {
			isa = PBXGroup;
			children = (
				AF7A8971242BC22B00DF187C /* RootView.swift */,
				AF7A8973242BC23D00DF187C /* ComicDetailView.swift */,
			);
			path = Views;
			sourceTree = "<group>";
		};
		AF7A8975242BC24A00DF187C /* Supporting Views */ = {
			isa = PBXGroup;
			children = (
				AF7A8980242BC68F00DF187C /* Elements */,
				AF7A8981242BC6D200DF187C /* ComicUserBackgroundTaskListView.swift */,
			);
			path = "Supporting Views";
			sourceTree = "<group>";
		};
		AF7A8978242BC2C900DF187C /* Models */ = {
			isa = PBXGroup;
			children = (
				AF7A8979242BC2D500DF187C /* ComicUserBackgroundTask.swift */,
				AF7A897B242BC32D00DF187C /* SampleData.swift */,
				AF7A8983242BC76300DF187C /* App.swift */,
			);
			path = Models;
			sourceTree = "<group>";
		};
		AF7A897D242BC52700DF187C /* Utilities */ = {
			isa = PBXGroup;
			children = (
				AF7A897E242BC53500DF187C /* Constants.swift */,
			);
			path = Utilities;
			sourceTree = "<group>";
		};
		AF7A8980242BC68F00DF187C /* Elements */ = {
			isa = PBXGroup;
			children = (
				AF7A8976242BC27100DF187C /* ComicUserBackgroundButton.swift */,
			);
			path = Elements;
			sourceTree = "<group>";
		};
/* End PBXGroup section */

/* Begin PBXNativeTarget section */
		AF7A893C242BC18900DF187C /* marvel */ = {
			isa = PBXNativeTarget;
			buildConfigurationList = AF7A8967242BC18A00DF187C /* Build configuration list for PBXNativeTarget "marvel" */;
			buildPhases = (
				AF7A8939242BC18900DF187C /* Sources */,
				AF7A893A242BC18900DF187C /* Frameworks */,
				AF7A893B242BC18900DF187C /* Resources */,
			);
			buildRules = (
			);
			dependencies = (
			);
			name = marvel;
			productName = marvel;
			productReference = AF7A893D242BC18900DF187C /* marvel.app */;
			productType = "com.apple.product-type.application";
		};
		AF7A8952242BC18A00DF187C /* marvelTests */ = {
			isa = PBXNativeTarget;
			buildConfigurationList = AF7A896A242BC18A00DF187C /* Build configuration list for PBXNativeTarget "marvelTests" */;
			buildPhases = (
				AF7A894F242BC18A00DF187C /* Sources */,
				AF7A8950242BC18A00DF187C /* Frameworks */,
				AF7A8951242BC18A00DF187C /* Resources */,
			);
			buildRules = (
			);
			dependencies = (
				AF7A8955242BC18A00DF187C /* PBXTargetDependency */,
			);
			name = marvelTests;
			productName = marvelTests;
			productReference = AF7A8953242BC18A00DF187C /* marvelTests.xctest */;
			productType = "com.apple.product-type.bundle.unit-test";
		};
		AF7A895D242BC18A00DF187C /* marvelUITests */ = {
			isa = PBXNativeTarget;
			buildConfigurationList = AF7A896D242BC18A00DF187C /* Build configuration list for PBXNativeTarget "marvelUITests" */;
			buildPhases = (
				AF7A895A242BC18A00DF187C /* Sources */,
				AF7A895B242BC18A00DF187C /* Frameworks */,
				AF7A895C242BC18A00DF187C /* Resources */,
			);
			buildRules = (
			);
			dependencies = (
				AF7A8960242BC18A00DF187C /* PBXTargetDependency */,
			);
			name = marvelUITests;
			productName = marvelUITests;
			productReference = AF7A895E242BC18A00DF187C /* marvelUITests.xctest */;
			productType = "com.apple.product-type.bundle.ui-testing";
		};
/* End PBXNativeTarget section */

/* Begin PBXProject section */
		AF7A8935242BC18800DF187C /* Project object */ = {
			isa = PBXProject;
			attributes = {
				LastSwiftUpdateCheck = 1140;
				LastUpgradeCheck = 1140;
				ORGANIZATIONNAME = "JESSICA JEAN JOSEPH";
				TargetAttributes = {
					AF7A893C242BC18900DF187C = {
						CreatedOnToolsVersion = 11.4;
					};
					AF7A8952242BC18A00DF187C = {
						CreatedOnToolsVersion = 11.4;
						TestTargetID = AF7A893C242BC18900DF187C;
					};
					AF7A895D242BC18A00DF187C = {
						CreatedOnToolsVersion = 11.4;
						TestTargetID = AF7A893C242BC18900DF187C;
					};
				};
			};
			buildConfigurationList = AF7A8938242BC18800DF187C /* Build configuration list for PBXProject "marvel" */;
			compatibilityVersion = "Xcode 9.3";
			developmentRegion = en;
			hasScannedForEncodings = 0;
			knownRegions = (
				en,
				Base,
			);
			mainGroup = AF7A8934242BC18800DF187C;
			productRefGroup = AF7A893E242BC18900DF187C /* Products */;
			projectDirPath = "";
			projectRoot = "";
			targets = (
				AF7A893C242BC18900DF187C /* marvel */,
				AF7A8952242BC18A00DF187C /* marvelTests */,
				AF7A895D242BC18A00DF187C /* marvelUITests */,
			);
		};
/* End PBXProject section */

/* Begin PBXResourcesBuildPhase section */
		AF7A893B242BC18900DF187C /* Resources */ = {
			isa = PBXResourcesBuildPhase;
			buildActionMask = 2147483647;
			files = (
				AF7A894D242BC18900DF187C /* LaunchScreen.storyboard in Resources */,
				AF7A894A242BC18900DF187C /* Preview Assets.xcassets in Resources */,
				AF7A8947242BC18900DF187C /* Assets.xcassets in Resources */,
			);
			runOnlyForDeploymentPostprocessing = 0;
		};
		AF7A8951242BC18A00DF187C /* Resources */ = {
			isa = PBXResourcesBuildPhase;
			buildActionMask = 2147483647;
			files = (
			);
			runOnlyForDeploymentPostprocessing = 0;
		};
		AF7A895C242BC18A00DF187C /* Resources */ = {
			isa = PBXResourcesBuildPhase;
			buildActionMask = 2147483647;
			files = (
			);
			runOnlyForDeploymentPostprocessing = 0;
		};
/* End PBXResourcesBuildPhase section */

/* Begin PBXSourcesBuildPhase section */
		AF7A8939242BC18900DF187C /* Sources */ = {
			isa = PBXSourcesBuildPhase;
			buildActionMask = 2147483647;
			files = (
				AF7A897A242BC2D500DF187C /* ComicUserBackgroundTask.swift in Sources */,
				AF7A8982242BC6D200DF187C /* ComicUserBackgroundTaskListView.swift in Sources */,
				AF7A897C242BC32D00DF187C /* SampleData.swift in Sources */,
				AF7A8984242BC76300DF187C /* App.swift in Sources */,
				AF7A8941242BC18900DF187C /* AppDelegate.swift in Sources */,
				AF7A897F242BC53500DF187C /* Constants.swift in Sources */,
				AF7A8974242BC23D00DF187C /* ComicDetailView.swift in Sources */,
				AF7A8943242BC18900DF187C /* SceneDelegate.swift in Sources */,
				AF7A8977242BC27100DF187C /* ComicUserBackgroundButton.swift in Sources */,
				AF7A8972242BC22B00DF187C /* RootView.swift in Sources */,
			);
			runOnlyForDeploymentPostprocessing = 0;
		};
		AF7A894F242BC18A00DF187C /* Sources */ = {
			isa = PBXSourcesBuildPhase;
			buildActionMask = 2147483647;
			files = (
				AF7A8958242BC18A00DF187C /* marvelTests.swift in Sources */,
			);
			runOnlyForDeploymentPostprocessing = 0;
		};
		AF7A895A242BC18A00DF187C /* Sources */ = {
			isa = PBXSourcesBuildPhase;
			buildActionMask = 2147483647;
			files = (
				AF7A8963242BC18A00DF187C /* marvelUITests.swift in Sources */,
			);
			runOnlyForDeploymentPostprocessing = 0;
		};
/* End PBXSourcesBuildPhase section */

/* Begin PBXTargetDependency section */
		AF7A8955242BC18A00DF187C /* PBXTargetDependency */ = {
			isa = PBXTargetDependency;
			target = AF7A893C242BC18900DF187C /* marvel */;
			targetProxy = AF7A8954242BC18A00DF187C /* PBXContainerItemProxy */;
		};
		AF7A8960242BC18A00DF187C /* PBXTargetDependency */ = {
			isa = PBXTargetDependency;
			target = AF7A893C242BC18900DF187C /* marvel */;
			targetProxy = AF7A895F242BC18A00DF187C /* PBXContainerItemProxy */;
		};
/* End PBXTargetDependency section */

/* Begin PBXVariantGroup section */
		AF7A894B242BC18900DF187C /* LaunchScreen.storyboard */ = {
			isa = PBXVariantGroup;
			children = (
				AF7A894C242BC18900DF187C /* Base */,
			);
			name = LaunchScreen.storyboard;
			sourceTree = "<group>";
		};
/* End PBXVariantGroup section */

/* Begin XCBuildConfiguration section */
		AF7A8965242BC18A00DF187C /* Debug */ = {
			isa = XCBuildConfiguration;
			buildSettings = {
				ALWAYS_SEARCH_USER_PATHS = NO;
				CLANG_ANALYZER_NONNULL = YES;
				CLANG_ANALYZER_NUMBER_OBJECT_CONVERSION = YES_AGGRESSIVE;
				CLANG_CXX_LANGUAGE_STANDARD = "gnu++14";
				CLANG_CXX_LIBRARY = "libc++";
				CLANG_ENABLE_MODULES = YES;
				CLANG_ENABLE_OBJC_ARC = YES;
				CLANG_ENABLE_OBJC_WEAK = YES;
				CLANG_WARN_BLOCK_CAPTURE_AUTORELEASING = YES;
				CLANG_WARN_BOOL_CONVERSION = YES;
				CLANG_WARN_COMMA = YES;
				CLANG_WARN_CONSTANT_CONVERSION = YES;
				CLANG_WARN_DEPRECATED_OBJC_IMPLEMENTATIONS = YES;
				CLANG_WARN_DIRECT_OBJC_ISA_USAGE = YES_ERROR;
				CLANG_WARN_DOCUMENTATION_COMMENTS = YES;
				CLANG_WARN_EMPTY_BODY = YES;
				CLANG_WARN_ENUM_CONVERSION = YES;
				CLANG_WARN_INFINITE_RECURSION = YES;
				CLANG_WARN_INT_CONVERSION = YES;
				CLANG_WARN_NON_LITERAL_NULL_CONVERSION = YES;
				CLANG_WARN_OBJC_IMPLICIT_RETAIN_SELF = YES;
				CLANG_WARN_OBJC_LITERAL_CONVERSION = YES;
				CLANG_WARN_OBJC_ROOT_CLASS = YES_ERROR;
				CLANG_WARN_RANGE_LOOP_ANALYSIS = YES;
				CLANG_WARN_STRICT_PROTOTYPES = YES;
				CLANG_WARN_SUSPICIOUS_MOVE = YES;
				CLANG_WARN_UNGUARDED_AVAILABILITY = YES_AGGRESSIVE;
				CLANG_WARN_UNREACHABLE_CODE = YES;
				CLANG_WARN__DUPLICATE_METHOD_MATCH = YES;
				COPY_PHASE_STRIP = NO;
				DEBUG_INFORMATION_FORMAT = dwarf;
				ENABLE_STRICT_OBJC_MSGSEND = YES;
				ENABLE_TESTABILITY = YES;
				GCC_C_LANGUAGE_STANDARD = gnu11;
				GCC_DYNAMIC_NO_PIC = NO;
				GCC_NO_COMMON_BLOCKS = YES;
				GCC_OPTIMIZATION_LEVEL = 0;
				GCC_PREPROCESSOR_DEFINITIONS = (
					"DEBUG=1",
					"$(inherited)",
				);
				GCC_WARN_64_TO_32_BIT_CONVERSION = YES;
				GCC_WARN_ABOUT_RETURN_TYPE = YES_ERROR;
				GCC_WARN_UNDECLARED_SELECTOR = YES;
				GCC_WARN_UNINITIALIZED_AUTOS = YES_AGGRESSIVE;
				GCC_WARN_UNUSED_FUNCTION = YES;
				GCC_WARN_UNUSED_VARIABLE = YES;
				IPHONEOS_DEPLOYMENT_TARGET = 13.4;
				MTL_ENABLE_DEBUG_INFO = INCLUDE_SOURCE;
				MTL_FAST_MATH = YES;
				ONLY_ACTIVE_ARCH = YES;
				SDKROOT = iphoneos;
				SWIFT_ACTIVE_COMPILATION_CONDITIONS = DEBUG;
				SWIFT_OPTIMIZATION_LEVEL = "-Onone";
			};
			name = Debug;
		};
		AF7A8966242BC18A00DF187C /* Release */ = {
			isa = XCBuildConfiguration;
			buildSettings = {
				ALWAYS_SEARCH_USER_PATHS = NO;
				CLANG_ANALYZER_NONNULL = YES;
				CLANG_ANALYZER_NUMBER_OBJECT_CONVERSION = YES_AGGRESSIVE;
				CLANG_CXX_LANGUAGE_STANDARD = "gnu++14";
				CLANG_CXX_LIBRARY = "libc++";
				CLANG_ENABLE_MODULES = YES;
				CLANG_ENABLE_OBJC_ARC = YES;
				CLANG_ENABLE_OBJC_WEAK = YES;
				CLANG_WARN_BLOCK_CAPTURE_AUTORELEASING = YES;
				CLANG_WARN_BOOL_CONVERSION = YES;
				CLANG_WARN_COMMA = YES;
				CLANG_WARN_CONSTANT_CONVERSION = YES;
				CLANG_WARN_DEPRECATED_OBJC_IMPLEMENTATIONS = YES;
				CLANG_WARN_DIRECT_OBJC_ISA_USAGE = YES_ERROR;
				CLANG_WARN_DOCUMENTATION_COMMENTS = YES;
				CLANG_WARN_EMPTY_BODY = YES;
				CLANG_WARN_ENUM_CONVERSION = YES;
				CLANG_WARN_INFINITE_RECURSION = YES;
				CLANG_WARN_INT_CONVERSION = YES;
				CLANG_WARN_NON_LITERAL_NULL_CONVERSION = YES;
				CLANG_WARN_OBJC_IMPLICIT_RETAIN_SELF = YES;
				CLANG_WARN_OBJC_LITERAL_CONVERSION = YES;
				CLANG_WARN_OBJC_ROOT_CLASS = YES_ERROR;
				CLANG_WARN_RANGE_LOOP_ANALYSIS = YES;
				CLANG_WARN_STRICT_PROTOTYPES = YES;
				CLANG_WARN_SUSPICIOUS_MOVE = YES;
				CLANG_WARN_UNGUARDED_AVAILABILITY = YES_AGGRESSIVE;
				CLANG_WARN_UNREACHABLE_CODE = YES;
				CLANG_WARN__DUPLICATE_METHOD_MATCH = YES;
				COPY_PHASE_STRIP = NO;
				DEBUG_INFORMATION_FORMAT = "dwarf-with-dsym";
				ENABLE_NS_ASSERTIONS = NO;
				ENABLE_STRICT_OBJC_MSGSEND = YES;
				GCC_C_LANGUAGE_STANDARD = gnu11;
				GCC_NO_COMMON_BLOCKS = YES;
				GCC_WARN_64_TO_32_BIT_CONVERSION = YES;
				GCC_WARN_ABOUT_RETURN_TYPE = YES_ERROR;
				GCC_WARN_UNDECLARED_SELECTOR = YES;
				GCC_WARN_UNINITIALIZED_AUTOS = YES_AGGRESSIVE;
				GCC_WARN_UNUSED_FUNCTION = YES;
				GCC_WARN_UNUSED_VARIABLE = YES;
				IPHONEOS_DEPLOYMENT_TARGET = 13.4;
				MTL_ENABLE_DEBUG_INFO = NO;
				MTL_FAST_MATH = YES;
				SDKROOT = iphoneos;
				SWIFT_COMPILATION_MODE = wholemodule;
				SWIFT_OPTIMIZATION_LEVEL = "-O";
				VALIDATE_PRODUCT = YES;
			};
			name = Release;
		};
		AF7A8968242BC18A00DF187C /* Debug */ = {
			isa = XCBuildConfiguration;
			buildSettings = {
				ASSETCATALOG_COMPILER_APPICON_NAME = AppIcon;
				CODE_SIGN_STYLE = Automatic;
				DEVELOPMENT_ASSET_PATHS = "\"marvel/Preview Content\"";
				DEVELOPMENT_TEAM = G87HUM96UL;
				ENABLE_PREVIEWS = YES;
				INFOPLIST_FILE = marvel/Info.plist;
				LD_RUNPATH_SEARCH_PATHS = (
					"$(inherited)",
					"@executable_path/Frameworks",
				);
				PRODUCT_BUNDLE_IDENTIFIER = com.thetealpickle.marvel;
				PRODUCT_NAME = "$(TARGET_NAME)";
				SWIFT_VERSION = 5.0;
				TARGETED_DEVICE_FAMILY = "1,2";
			};
			name = Debug;
		};
		AF7A8969242BC18A00DF187C /* Release */ = {
			isa = XCBuildConfiguration;
			buildSettings = {
				ASSETCATALOG_COMPILER_APPICON_NAME = AppIcon;
				CODE_SIGN_STYLE = Automatic;
				DEVELOPMENT_ASSET_PATHS = "\"marvel/Preview Content\"";
				DEVELOPMENT_TEAM = G87HUM96UL;
				ENABLE_PREVIEWS = YES;
				INFOPLIST_FILE = marvel/Info.plist;
				LD_RUNPATH_SEARCH_PATHS = (
					"$(inherited)",
					"@executable_path/Frameworks",
				);
				PRODUCT_BUNDLE_IDENTIFIER = com.thetealpickle.marvel;
				PRODUCT_NAME = "$(TARGET_NAME)";
				SWIFT_VERSION = 5.0;
				TARGETED_DEVICE_FAMILY = "1,2";
			};
			name = Release;
		};
		AF7A896B242BC18A00DF187C /* Debug */ = {
			isa = XCBuildConfiguration;
			buildSettings = {
				ALWAYS_EMBED_SWIFT_STANDARD_LIBRARIES = YES;
				BUNDLE_LOADER = "$(TEST_HOST)";
				CODE_SIGN_STYLE = Automatic;
				DEVELOPMENT_TEAM = G87HUM96UL;
				INFOPLIST_FILE = marvelTests/Info.plist;
				IPHONEOS_DEPLOYMENT_TARGET = 13.4;
				LD_RUNPATH_SEARCH_PATHS = (
					"$(inherited)",
					"@executable_path/Frameworks",
					"@loader_path/Frameworks",
				);
				PRODUCT_BUNDLE_IDENTIFIER = com.thetealpickle.marvelTests;
				PRODUCT_NAME = "$(TARGET_NAME)";
				SWIFT_VERSION = 5.0;
				TARGETED_DEVICE_FAMILY = "1,2";
				TEST_HOST = "$(BUILT_PRODUCTS_DIR)/marvel.app/marvel";
			};
			name = Debug;
		};
		AF7A896C242BC18A00DF187C /* Release */ = {
			isa = XCBuildConfiguration;
			buildSettings = {
				ALWAYS_EMBED_SWIFT_STANDARD_LIBRARIES = YES;
				BUNDLE_LOADER = "$(TEST_HOST)";
				CODE_SIGN_STYLE = Automatic;
				DEVELOPMENT_TEAM = G87HUM96UL;
				INFOPLIST_FILE = marvelTests/Info.plist;
				IPHONEOS_DEPLOYMENT_TARGET = 13.4;
				LD_RUNPATH_SEARCH_PATHS = (
					"$(inherited)",
					"@executable_path/Frameworks",
					"@loader_path/Frameworks",
				);
				PRODUCT_BUNDLE_IDENTIFIER = com.thetealpickle.marvelTests;
				PRODUCT_NAME = "$(TARGET_NAME)";
				SWIFT_VERSION = 5.0;
				TARGETED_DEVICE_FAMILY = "1,2";
				TEST_HOST = "$(BUILT_PRODUCTS_DIR)/marvel.app/marvel";
			};
			name = Release;
		};
		AF7A896E242BC18A00DF187C /* Debug */ = {
			isa = XCBuildConfiguration;
			buildSettings = {
				ALWAYS_EMBED_SWIFT_STANDARD_LIBRARIES = YES;
				CODE_SIGN_STYLE = Automatic;
				DEVELOPMENT_TEAM = G87HUM96UL;
				INFOPLIST_FILE = marvelUITests/Info.plist;
				LD_RUNPATH_SEARCH_PATHS = (
					"$(inherited)",
					"@executable_path/Frameworks",
					"@loader_path/Frameworks",
				);
				PRODUCT_BUNDLE_IDENTIFIER = com.thetealpickle.marvelUITests;
				PRODUCT_NAME = "$(TARGET_NAME)";
				SWIFT_VERSION = 5.0;
				TARGETED_DEVICE_FAMILY = "1,2";
				TEST_TARGET_NAME = marvel;
			};
			name = Debug;
		};
		AF7A896F242BC18A00DF187C /* Release */ = {
			isa = XCBuildConfiguration;
			buildSettings = {
				ALWAYS_EMBED_SWIFT_STANDARD_LIBRARIES = YES;
				CODE_SIGN_STYLE = Automatic;
				DEVELOPMENT_TEAM = G87HUM96UL;
				INFOPLIST_FILE = marvelUITests/Info.plist;
				LD_RUNPATH_SEARCH_PATHS = (
					"$(inherited)",
					"@executable_path/Frameworks",
					"@loader_path/Frameworks",
				);
				PRODUCT_BUNDLE_IDENTIFIER = com.thetealpickle.marvelUITests;
				PRODUCT_NAME = "$(TARGET_NAME)";
				SWIFT_VERSION = 5.0;
				TARGETED_DEVICE_FAMILY = "1,2";
				TEST_TARGET_NAME = marvel;
			};
			name = Release;
		};
/* End XCBuildConfiguration section */

/* Begin XCConfigurationList section */
		AF7A8938242BC18800DF187C /* Build configuration list for PBXProject "marvel" */ = {
			isa = XCConfigurationList;
			buildConfigurations = (
				AF7A8965242BC18A00DF187C /* Debug */,
				AF7A8966242BC18A00DF187C /* Release */,
			);
			defaultConfigurationIsVisible = 0;
			defaultConfigurationName = Release;
		};
		AF7A8967242BC18A00DF187C /* Build configuration list for PBXNativeTarget "marvel" */ = {
			isa = XCConfigurationList;
			buildConfigurations = (
				AF7A8968242BC18A00DF187C /* Debug */,
				AF7A8969242BC18A00DF187C /* Release */,
			);
			defaultConfigurationIsVisible = 0;
			defaultConfigurationName = Release;
		};
		AF7A896A242BC18A00DF187C /* Build configuration list for PBXNativeTarget "marvelTests" */ = {
			isa = XCConfigurationList;
			buildConfigurations = (
				AF7A896B242BC18A00DF187C /* Debug */,
				AF7A896C242BC18A00DF187C /* Release */,
			);
			defaultConfigurationIsVisible = 0;
			defaultConfigurationName = Release;
		};
		AF7A896D242BC18A00DF187C /* Build configuration list for PBXNativeTarget "marvelUITests" */ = {
			isa = XCConfigurationList;
			buildConfigurations = (
				AF7A896E242BC18A00DF187C /* Debug */,
				AF7A896F242BC18A00DF187C /* Release */,
			);
			defaultConfigurationIsVisible = 0;
			defaultConfigurationName = Release;
		};
/* End XCConfigurationList section */
	};
	rootObject = AF7A8935242BC18800DF187C /* Project object */;
}
